// !$*UTF8*$!
{
	archiveVersion = 1;
	classes = {
	};
	objectVersion = 46;
	objects = {

/* Begin PBXBuildFile section */
		57B88D2A1EF37DF1004BE711 /* main.m in Sources */ = {isa = PBXBuildFile; fileRef = 57B88D291EF37DF1004BE711 /* main.m */; };
		57B88D2D1EF37DF1004BE711 /* AppDelegate.m in Sources */ = {isa = PBXBuildFile; fileRef = 57B88D2C1EF37DF1004BE711 /* AppDelegate.m */; };
		57B88D301EF37DF1004BE711 /* ViewController.m in Sources */ = {isa = PBXBuildFile; fileRef = 57B88D2F1EF37DF1004BE711 /* ViewController.m */; };
		57B88D331EF37DF1004BE711 /* Main.storyboard in Resources */ = {isa = PBXBuildFile; fileRef = 57B88D311EF37DF1004BE711 /* Main.storyboard */; };
		57B88D351EF37DF1004BE711 /* Assets.xcassets in Resources */ = {isa = PBXBuildFile; fileRef = 57B88D341EF37DF1004BE711 /* Assets.xcassets */; };
		57B88D381EF37DF1004BE711 /* LaunchScreen.storyboard in Resources */ = {isa = PBXBuildFile; fileRef = 57B88D361EF37DF1004BE711 /* LaunchScreen.storyboard */; };
/* End PBXBuildFile section */

/* Begin PBXFileReference section */
		57B88D251EF37DF1004BE711 /* TestGit.app */ = {isa = PBXFileReference; explicitFileType = wrapper.application; includeInIndex = 0; path = TestGit.app; sourceTree = BUILT_PRODUCTS_DIR; };
		57B88D291EF37DF1004BE711 /* main.m */ = {isa = PBXFileReference; lastKnownFileType = sourcecode.c.objc; path = main.m; sourceTree = "<group>"; };
		57B88D2B1EF37DF1004BE711 /* AppDelegate.h */ = {isa = PBXFileReference; lastKnownFileType = sourcecode.c.h; path = AppDelegate.h; sourceTree = "<group>"; };
		57B88D2C1EF37DF1004BE711 /* AppDelegate.m */ = {isa = PBXFileReference; lastKnownFileType = sourcecode.c.objc; path = AppDelegate.m; sourceTree = "<group>"; };
		57B88D2E1EF37DF1004BE711 /* ViewController.h */ = {isa = PBXFileReference; lastKnownFileType = sourcecode.c.h; path = ViewController.h; sourceTree = "<group>"; };
		57B88D2F1EF37DF1004BE711 /* ViewController.m */ = {isa = PBXFileReference; lastKnownFileType = sourcecode.c.objc; path = ViewController.m; sourceTree = "<group>"; };
		57B88D321EF37DF1004BE711 /* Base */ = {isa = PBXFileReference; lastKnownFileType = file.storyboard; name = Base; path = Base.lproj/Main.storyboard; sourceTree = "<group>"; };
		57B88D341EF37DF1004BE711 /* Assets.xcassets */ = {isa = PBXFileReference; lastKnownFileType = folder.assetcatalog; path = Assets.xcassets; sourceTree = "<group>"; };
		57B88D371EF37DF1004BE711 /* Base */ = {isa = PBXFileReference; lastKnownFileType = file.storyboard; name = Base; path = Base.lproj/LaunchScreen.storyboard; sourceTree = "<group>"; };
		57B88D391EF37DF1004BE711 /* Info.plist */ = {isa = PBXFileReference; lastKnownFileType = text.plist.xml; path = Info.plist; sourceTree = "<group>"; };
/* End PBXFileReference section */

/* Begin PBXFrameworksBuildPhase section */
		57B88D221EF37DF1004BE711 /* Frameworks */ = {
			isa = PBXFrameworksBuildPhase;
			buildActionMask = 2147483647;
			files = (
			);
			runOnlyForDeploymentPostprocessing = 0;
		};
/* End PBXFrameworksBuildPhase section */

/* Begin PBXGroup section */
		57B88D1C1EF37DF1004BE711 = {
			isa = PBXGroup;
			children = (
				57B88D271EF37DF1004BE711 /* TestGit */,
				57B88D261EF37DF1004BE711 /* Products */,
			);
			sourceTree = "<group>";
		};
		57B88D261EF37DF1004BE711 /* Products */ = {
			isa = PBXGroup;
			children = (
				57B88D251EF37DF1004BE711 /* TestGit.app */,
			);
			name = Products;
			sourceTree = "<group>";
		};
		57B88D271EF37DF1004BE711 /* TestGit */ = {
			isa = PBXGroup;
			children = (
				57B88D2B1EF37DF1004BE711 /* AppDelegate.h */,
				57B88D2C1EF37DF1004BE711 /* AppDelegate.m */,
				57B88D2E1EF37DF1004BE711 /* ViewController.h */,
				57B88D2F1EF37DF1004BE711 /* ViewController.m */,
				57B88D311EF37DF1004BE711 /* Main.storyboard */,
				57B88D341EF37DF1004BE711 /* Assets.xcassets */,
				57B88D361EF37DF1004BE711 /* LaunchScreen.storyboard */,
				57B88D391EF37DF1004BE711 /* Info.plist */,
				57B88D281EF37DF1004BE711 /* Supporting Files */,
			);
			path = TestGit;
			sourceTree = "<group>";
		};
		57B88D281EF37DF1004BE711 /* Supporting Files */ = {
			isa = PBXGroup;
			children = (
				57B88D291EF37DF1004BE711 /* main.m */,
			);
			name = "Supporting Files";
			sourceTree = "<group>";
		};
/* End PBXGroup section */

/* Begin PBXNativeTarget section */
		57B88D241EF37DF1004BE711 /* TestGit */ = {
			isa = PBXNativeTarget;
			buildConfigurationList = 57B88D3C1EF37DF1004BE711 /* Build configuration list for PBXNativeTarget "TestGit" */;
			buildPhases = (
				57B88D211EF37DF1004BE711 /* Sources */,
				57B88D221EF37DF1004BE711 /* Frameworks */,
				57B88D231EF37DF1004BE711 /* Resources */,
			);
			buildRules = (
			);
			dependencies = (
			);
			name = TestGit;
			productName = TestGit;
			productReference = 57B88D251EF37DF1004BE711 /* TestGit.app */;
			productType = "com.apple.product-type.application";
		};
/* End PBXNativeTarget section */

/* Begin PBXProject section */
		57B88D1D1EF37DF1004BE711 /* Project object */ = {
			isa = PBXProject;
			attributes = {
				LastUpgradeCheck = 0830;
				ORGANIZATIONNAME = "IT OCL";
				TargetAttributes = {
					57B88D241EF37DF1004BE711 = {
						CreatedOnToolsVersion = 8.3.3;
						DevelopmentTeam = GWFJ99B62G;
						ProvisioningStyle = Automatic;
					};
				};
			};
			buildConfigurationList = 57B88D201EF37DF1004BE711 /* Build configuration list for PBXProject "TestGit" */;
			compatibilityVersion = "Xcode 3.2";
			developmentRegion = English;
			hasScannedForEncodings = 0;
			knownRegions = (
				en,
				Base,
			);
			mainGroup = 57B88D1C1EF37DF1004BE711;
			productRefGroup = 57B88D261EF37DF1004BE711 /* Products */;
			projectDirPath = "";
			projectRoot = "";
			targets = (
				57B88D241EF37DF1004BE711 /* TestGit */,
			);
		};
/* End PBXProject section */

/* Begin PBXResourcesBuildPhase section */
		57B88D231EF37DF1004BE711 /* Resources */ = {
			isa = PBXResourcesBuildPhase;
			buildActionMask = 2147483647;
			files = (
				57B88D381EF37DF1004BE711 /* LaunchScreen.storyboard in Resources */,
				57B88D351EF37DF1004BE711 /* Assets.xcassets in Resources */,
				57B88D331EF37DF1004BE711 /* Main.storyboard in Resources */,
			);
			runOnlyForDeploymentPostprocessing = 0;
		};
/* End PBXResourcesBuildPhase section */

/* Begin PBXSourcesBuildPhase section */
		57B88D211EF37DF1004BE711 /* Sources */ = {
			isa = PBXSourcesBuildPhase;
			buildActionMask = 2147483647;
			files = (
				57B88D301EF37DF1004BE711 /* ViewController.m in Sources */,
				57B88D2D1EF37DF1004BE711 /* AppDelegate.m in Sources */,
				57B88D2A1EF37DF1004BE711 /* main.m in Sources */,
			);
			runOnlyForDeploymentPostprocessing = 0;
		};
/* End PBXSourcesBuildPhase section */

/* Begin PBXVariantGroup section */
		57B88D311EF37DF1004BE711 /* Main.storyboard */ = {
			isa = PBXVariantGroup;
			children = (
				57B88D321EF37DF1004BE711 /* Base */,
			);
			name = Main.storyboard;
			sourceTree = "<group>";
		};
		57B88D361EF37DF1004BE711 /* LaunchScreen.storyboard */ = {
			isa = PBXVariantGroup;
			children = (
				57B88D371EF37DF1004BE711 /* Base */,
			);
			name = LaunchScreen.storyboard;
			sourceTree = "<group>";
		};
/* End PBXVariantGroup section */

/* Begin XCBuildConfiguration section */
		57B88D3A1EF37DF1004BE711 /* Debug */ = {
			isa = XCBuildConfiguration;
			buildSettings = {
				ALWAYS_SEARCH_USER_PATHS = NO;
				CLANG_ANALYZER_NONNULL = YES;
				CLANG_ANALYZER_NUMBER_OBJECT_CONVERSION = YES_AGGRESSIVE;
				CLANG_CXX_LANGUAGE_STANDARD = "gnu++0x";
				CLANG_CXX_LIBRARY = "libc++";
				CLANG_ENABLE_MODULES = YES;
				CLANG_ENABLE_OBJC_ARC = YES;
				CLANG_WARN_BOOL_CONVERSION = YES;
				CLANG_WARN_CONSTANT_CONVERSION = YES;
				CLANG_WARN_DIRECT_OBJC_ISA_USAGE = YES_ERROR;
				CLANG_WARN_DOCUMENTATION_COMMENTS = YES;
				CLANG_WARN_EMPTY_BODY = YES;
				CLANG_WARN_ENUM_CONVERSION = YES;
				CLANG_WARN_INFINITE_RECURSION = YES;
				CLANG_WARN_INT_CONVERSION = YES;
				CLANG_WARN_OBJC_ROOT_CLASS = YES_ERROR;
				CLANG_WARN_SUSPICIOUS_MOVE = YES;
				CLANG_WARN_UNREACHABLE_CODE = YES;
				CLANG_WARN__DUPLICATE_METHOD_MATCH = YES;
				"CODE_SIGN_IDENTITY[sdk=iphoneos*]" = "iPhone Developer";
				COPY_PHASE_STRIP = NO;
				DEBUG_INFORMATION_FORMAT = dwarf;
				ENABLE_STRICT_OBJC_MSGSEND = YES;
				ENABLE_TESTABILITY = YES;
				GCC_C_LANGUAGE_STANDARD = gnu99;
				GCC_DYNAMIC_NO_PIC = NO;
				GCC_NO_COMMON_BLOCKS = YES;
				GCC_OPTIMIZATION_LEVEL = 0;
				GCC_PREPROCESSOR_DEFINITIONS = (
					"DEBUG=1",
					"$(inherited)",
				);
				GCC_WARN_64_TO_32_BIT_CONVERSION = YES;
				GCC_WARN_ABOUT_RETURN_TYPE = YES_ERROR;
				GCC_WARN_UNDECLARED_SELECTOR = YES;
				GCC_WARN_UNINITIALIZED_AUTOS = YES_AGGRESSIVE;
				GCC_WARN_UNUSED_FUNCTION = YES;
				GCC_WARN_UNUSED_VARIABLE = YES;
				IPHONEOS_DEPLOYMENT_TARGET = 10.3;
				MTL_ENABLE_DEBUG_INFO = YES;
				ONLY_ACTIVE_ARCH = YES;
				SDKROOT = iphoneos;
			};
			name = Debug;
		};
		57B88D3B1EF37DF1004BE711 /* Release */ = {
			isa = XCBuildConfiguration;
			buildSettings = {
				ALWAYS_SEARCH_USER_PATHS = NO;
				CLANG_ANALYZER_NONNULL = YES;
				CLANG_ANALYZER_NUMBER_OBJECT_CONVERSION = YES_AGGRESSIVE;
				CLANG_CXX_LANGUAGE_STANDARD = "gnu++0x";
				CLANG_CXX_LIBRARY = "libc++";
				CLANG_ENABLE_MODULES = YES;
				CLANG_ENABLE_OBJC_ARC = YES;
				CLANG_WARN_BOOL_CONVERSION = YES;
				CLANG_WARN_CONSTANT_CONVERSION = YES;
				CLANG_WARN_DIRECT_OBJC_ISA_USAGE = YES_ERROR;
				CLANG_WARN_DOCUMENTATION_COMMENTS = YES;
				CLANG_WARN_EMPTY_BODY = YES;
				CLANG_WARN_ENUM_CONVERSION = YES;
				CLANG_WARN_INFINITE_RECURSION = YES;
				CLANG_WARN_INT_CONVERSION = YES;
				CLANG_WARN_OBJC_ROOT_CLASS = YES_ERROR;
				CLANG_WARN_SUSPICIOUS_MOVE = YES;
				CLANG_WARN_UNREACHABLE_CODE = YES;
				CLANG_WARN__DUPLICATE_METHOD_MATCH = YES;
				"CODE_SIGN_IDENTITY[sdk=iphoneos*]" = "iPhone Developer";
				COPY_PHASE_STRIP = NO;
				DEBUG_INFORMATION_FORMAT = "dwarf-with-dsym";
				ENABLE_NS_ASSERTIONS = NO;
				ENABLE_STRICT_OBJC_MSGSEND = YES;
				GCC_C_LANGUAGE_STANDARD = gnu99;
				GCC_NO_COMMON_BLOCKS = YES;
				GCC_WARN_64_TO_32_BIT_CONVERSION = YES;
				GCC_WARN_ABOUT_RETURN_TYPE = YES_ERROR;
				GCC_WARN_UNDECLARED_SELECTOR = YES;
				GCC_WARN_UNINITIALIZED_AUTOS = YES_AGGRESSIVE;
				GCC_WARN_UNUSED_FUNCTION = YES;
				GCC_WARN_UNUSED_VARIABLE = YES;
				IPHONEOS_DEPLOYMENT_TARGET = 10.3;
				MTL_ENABLE_DEBUG_INFO = NO;
				SDKROOT = iphoneos;
				VALIDATE_PRODUCT = YES;
			};
			name = Release;
		};
		57B88D3D1EF37DF1004BE711 /* Debug */ = {
			isa = XCBuildConfiguration;
			buildSettings = {
				ASSETCATALOG_COMPILER_APPICON_NAME = AppIcon;
				DEVELOPMENT_TEAM = GWFJ99B62G;
				INFOPLIST_FILE = TestGit/Info.plist;
				LD_RUNPATH_SEARCH_PATHS = "$(inherited) @executable_path/Frameworks";
				PRODUCT_BUNDLE_IDENTIFIER = com.lzh.TestGit;
				PRODUCT_NAME = "$(TARGET_NAME)";
			};
			name = Debug;
		};
		57B88D3E1EF37DF1004BE711 /* Release */ = {
			isa = XCBuildConfiguration;
			buildSettings = {
				ASSETCATALOG_COMPILER_APPICON_NAME = AppIcon;
				DEVELOPMENT_TEAM = GWFJ99B62G;
				INFOPLIST_FILE = TestGit/Info.plist;
				LD_RUNPATH_SEARCH_PATHS = "$(inherited) @executable_path/Frameworks";
				PRODUCT_BUNDLE_IDENTIFIER = com.lzh.TestGit;
				PRODUCT_NAME = "$(TARGET_NAME)";
			};
			name = Release;
		};
/* End XCBuildConfiguration section */

/* Begin XCConfigurationList section */
		57B88D201EF37DF1004BE711 /* Build configuration list for PBXProject "TestGit" */ = {
			isa = XCConfigurationList;
			buildConfigurations = (
				57B88D3A1EF37DF1004BE711 /* Debug */,
				57B88D3B1EF37DF1004BE711 /* Release */,
			);
			defaultConfigurationIsVisible = 0;
			defaultConfigurationName = Release;
		};
		57B88D3C1EF37DF1004BE711 /* Build configuration list for PBXNativeTarget "TestGit" */ = {
			isa = XCConfigurationList;
			buildConfigurations = (
				57B88D3D1EF37DF1004BE711 /* Debug */,
				57B88D3E1EF37DF1004BE711 /* Release */,
			);
			defaultConfigurationIsVisible = 0;
		};
/* End XCConfigurationList section */
	};
	rootObject = 57B88D1D1EF37DF1004BE711 /* Project object */;
}
